
Microsoft Visual Studio Solution File, Format Version 12.00
# Visual Studio Version 17
VisualStudioVersion = 17.8.34525.116
MinimumVisualStudioVersion = 10.0.40219.1
Project("{FAE04EC0-301F-11D3-BF4B-00C04F79EFBC}") = "Glovo", "Glovo\Glovo.csproj", "{EA9D6E8C-4694-4816-B9F0-83BE7BB34134}"
EndProject
Global
	GlobalSection(SolutionConfigurationPlatforms) = preSolution
		Debug|Any CPU = Debug|Any CPU
		Release|Any CPU = Release|Any CPU
	EndGlobalSection
	GlobalSection(ProjectConfigurationPlatforms) = postSolution
		{EA9D6E8C-4694-4816-B9F0-83BE7BB34134}.Debug|Any CPU.ActiveCfg = Debug|Any CPU
		{EA9D6E8C-4694-4816-B9F0-83BE7BB34134}.Debug|Any CPU.Build.0 = Debug|Any CPU
		{EA9D6E8C-4694-4816-B9F0-83BE7BB34134}.Release|Any CPU.ActiveCfg = Release|Any CPU
		{EA9D6E8C-4694-4816-B9F0-83BE7BB34134}.Release|Any CPU.Build.0 = Release|Any CPU
	EndGlobalSection
	GlobalSection(SolutionProperties) = preSolution
		HideSolutionNode = FALSE
	EndGlobalSection
	GlobalSection(ExtensibilityGlobals) = postSolution
		SolutionGuid = {B6987AF6-1E1A-4983-B13B-E936034FFBC6}
	EndGlobalSection
EndGlobal
